
Microsoft Visual Studio Solution File, Format Version 12.00
# Visual Studio Version 16
VisualStudioVersion = 16.0.30114.105
MinimumVisualStudioVersion = 10.0.40219.1
Project("{FAE04EC0-301F-11D3-BF4B-00C04F79EFBC}") = "MyCuteDog", "MyCuteDog\MyCuteDog.csproj", "{63D6497C-5BEC-45BC-9CAA-DFA97846C3B9}"
EndProject
Global
	GlobalSection(SolutionConfigurationPlatforms) = preSolution
		Debug|Any CPU = Debug|Any CPU
		Release|Any CPU = Release|Any CPU
	EndGlobalSection
	GlobalSection(ProjectConfigurationPlatforms) = postSolution
		{63D6497C-5BEC-45BC-9CAA-DFA97846C3B9}.Debug|Any CPU.ActiveCfg = Debug|Any CPU
		{63D6497C-5BEC-45BC-9CAA-DFA97846C3B9}.Debug|Any CPU.Build.0 = Debug|Any CPU
		{63D6497C-5BEC-45BC-9CAA-DFA97846C3B9}.Release|Any CPU.ActiveCfg = Release|Any CPU
		{63D6497C-5BEC-45BC-9CAA-DFA97846C3B9}.Release|Any CPU.Build.0 = Release|Any CPU
	EndGlobalSection
	GlobalSection(SolutionProperties) = preSolution
		HideSolutionNode = FALSE
	EndGlobalSection
	GlobalSection(ExtensibilityGlobals) = postSolution
		SolutionGuid = {1E4D64CC-A5E7-468D-AC88-44B20CCE983F}
	EndGlobalSection
EndGlobal
